// !$*UTF8*$!
{
	archiveVersion = 1;
	classes = {
	};
	objectVersion = 55;
	objects = {

/* Begin PBXBuildFile section */
		221D364C294CABD7008B06DE /* AppDelegate.swift in Sources */ = {isa = PBXBuildFile; fileRef = 221D364B294CABD7008B06DE /* AppDelegate.swift */; };
		221D364E294CABD7008B06DE /* SceneDelegate.swift in Sources */ = {isa = PBXBuildFile; fileRef = 221D364D294CABD7008B06DE /* SceneDelegate.swift */; };
		221D3650294CABD7008B06DE /* ViewController.swift in Sources */ = {isa = PBXBuildFile; fileRef = 221D364F294CABD7008B06DE /* ViewController.swift */; };
		221D3653294CABD7008B06DE /* Main.storyboard in Resources */ = {isa = PBXBuildFile; fileRef = 221D3651294CABD7008B06DE /* Main.storyboard */; };
		221D3655294CABD9008B06DE /* Assets.xcassets in Resources */ = {isa = PBXBuildFile; fileRef = 221D3654294CABD9008B06DE /* Assets.xcassets */; };
		221D3658294CABD9008B06DE /* LaunchScreen.storyboard in Resources */ = {isa = PBXBuildFile; fileRef = 221D3656294CABD9008B06DE /* LaunchScreen.storyboard */; };
		221D3663294CABDA008B06DE /* lesson_8Tests.swift in Sources */ = {isa = PBXBuildFile; fileRef = 221D3662294CABDA008B06DE /* lesson_8Tests.swift */; };
		221D366D294CABDA008B06DE /* lesson_8UITests.swift in Sources */ = {isa = PBXBuildFile; fileRef = 221D366C294CABDA008B06DE /* lesson_8UITests.swift */; };
		221D366F294CABDA008B06DE /* lesson_8UITestsLaunchTests.swift in Sources */ = {isa = PBXBuildFile; fileRef = 221D366E294CABDA008B06DE /* lesson_8UITestsLaunchTests.swift */; };
		221D367C294CAE5F008B06DE /* ContentViewController.swift in Sources */ = {isa = PBXBuildFile; fileRef = 221D367B294CAE5F008B06DE /* ContentViewController.swift */; };
		221D367E294CAE94008B06DE /* PageViewController.swift in Sources */ = {isa = PBXBuildFile; fileRef = 221D367D294CAE94008B06DE /* PageViewController.swift */; };
/* End PBXBuildFile section */

/* Begin PBXContainerItemProxy section */
		221D365F294CABDA008B06DE /* PBXContainerItemProxy */ = {
			isa = PBXContainerItemProxy;
			containerPortal = 221D3640294CABD7008B06DE /* Project object */;
			proxyType = 1;
			remoteGlobalIDString = 221D3647294CABD7008B06DE;
			remoteInfo = "lesson 8";
		};
		221D3669294CABDA008B06DE /* PBXContainerItemProxy */ = {
			isa = PBXContainerItemProxy;
			containerPortal = 221D3640294CABD7008B06DE /* Project object */;
			proxyType = 1;
			remoteGlobalIDString = 221D3647294CABD7008B06DE;
			remoteInfo = "lesson 8";
		};
/* End PBXContainerItemProxy section */

/* Begin PBXFileReference section */
		221D3648294CABD7008B06DE /* lesson 8.app */ = {isa = PBXFileReference; explicitFileType = wrapper.application; includeInIndex = 0; path = "lesson 8.app"; sourceTree = BUILT_PRODUCTS_DIR; };
		221D364B294CABD7008B06DE /* AppDelegate.swift */ = {isa = PBXFileReference; lastKnownFileType = sourcecode.swift; path = AppDelegate.swift; sourceTree = "<group>"; };
		221D364D294CABD7008B06DE /* SceneDelegate.swift */ = {isa = PBXFileReference; lastKnownFileType = sourcecode.swift; path = SceneDelegate.swift; sourceTree = "<group>"; };
		221D364F294CABD7008B06DE /* ViewController.swift */ = {isa = PBXFileReference; lastKnownFileType = sourcecode.swift; path = ViewController.swift; sourceTree = "<group>"; };
		221D3652294CABD7008B06DE /* Base */ = {isa = PBXFileReference; lastKnownFileType = file.storyboard; name = Base; path = Base.lproj/Main.storyboard; sourceTree = "<group>"; };
		221D3654294CABD9008B06DE /* Assets.xcassets */ = {isa = PBXFileReference; lastKnownFileType = folder.assetcatalog; path = Assets.xcassets; sourceTree = "<group>"; };
		221D3657294CABD9008B06DE /* Base */ = {isa = PBXFileReference; lastKnownFileType = file.storyboard; name = Base; path = Base.lproj/LaunchScreen.storyboard; sourceTree = "<group>"; };
		221D3659294CABD9008B06DE /* Info.plist */ = {isa = PBXFileReference; lastKnownFileType = text.plist.xml; path = Info.plist; sourceTree = "<group>"; };
		221D365E294CABDA008B06DE /* lesson 8Tests.xctest */ = {isa = PBXFileReference; explicitFileType = wrapper.cfbundle; includeInIndex = 0; path = "lesson 8Tests.xctest"; sourceTree = BUILT_PRODUCTS_DIR; };
		221D3662294CABDA008B06DE /* lesson_8Tests.swift */ = {isa = PBXFileReference; lastKnownFileType = sourcecode.swift; path = lesson_8Tests.swift; sourceTree = "<group>"; };
		221D3668294CABDA008B06DE /* lesson 8UITests.xctest */ = {isa = PBXFileReference; explicitFileType = wrapper.cfbundle; includeInIndex = 0; path = "lesson 8UITests.xctest"; sourceTree = BUILT_PRODUCTS_DIR; };
		221D366C294CABDA008B06DE /* lesson_8UITests.swift */ = {isa = PBXFileReference; lastKnownFileType = sourcecode.swift; path = lesson_8UITests.swift; sourceTree = "<group>"; };
		221D366E294CABDA008B06DE /* lesson_8UITestsLaunchTests.swift */ = {isa = PBXFileReference; lastKnownFileType = sourcecode.swift; path = lesson_8UITestsLaunchTests.swift; sourceTree = "<group>"; };
		221D367B294CAE5F008B06DE /* ContentViewController.swift */ = {isa = PBXFileReference; lastKnownFileType = sourcecode.swift; path = ContentViewController.swift; sourceTree = "<group>"; };
		221D367D294CAE94008B06DE /* PageViewController.swift */ = {isa = PBXFileReference; lastKnownFileType = sourcecode.swift; path = PageViewController.swift; sourceTree = "<group>"; };
/* End PBXFileReference section */

/* Begin PBXFrameworksBuildPhase section */
		221D3645294CABD7008B06DE /* Frameworks */ = {
			isa = PBXFrameworksBuildPhase;
			buildActionMask = 2147483647;
			files = (
			);
			runOnlyForDeploymentPostprocessing = 0;
		};
		221D365B294CABDA008B06DE /* Frameworks */ = {
			isa = PBXFrameworksBuildPhase;
			buildActionMask = 2147483647;
			files = (
			);
			runOnlyForDeploymentPostprocessing = 0;
		};
		221D3665294CABDA008B06DE /* Frameworks */ = {
			isa = PBXFrameworksBuildPhase;
			buildActionMask = 2147483647;
			files = (
			);
			runOnlyForDeploymentPostprocessing = 0;
		};
/* End PBXFrameworksBuildPhase section */

/* Begin PBXGroup section */
		221D363F294CABD7008B06DE = {
			isa = PBXGroup;
			children = (
				221D364A294CABD7008B06DE /* lesson 8 */,
				221D3661294CABDA008B06DE /* lesson 8Tests */,
				221D366B294CABDA008B06DE /* lesson 8UITests */,
				221D3649294CABD7008B06DE /* Products */,
			);
			sourceTree = "<group>";
		};
		221D3649294CABD7008B06DE /* Products */ = {
			isa = PBXGroup;
			children = (
				221D3648294CABD7008B06DE /* lesson 8.app */,
				221D365E294CABDA008B06DE /* lesson 8Tests.xctest */,
				221D3668294CABDA008B06DE /* lesson 8UITests.xctest */,
			);
			name = Products;
			sourceTree = "<group>";
		};
		221D364A294CABD7008B06DE /* lesson 8 */ = {
			isa = PBXGroup;
			children = (
				221D364B294CABD7008B06DE /* AppDelegate.swift */,
				221D364D294CABD7008B06DE /* SceneDelegate.swift */,
				221D364F294CABD7008B06DE /* ViewController.swift */,
				221D3651294CABD7008B06DE /* Main.storyboard */,
				221D367B294CAE5F008B06DE /* ContentViewController.swift */,
				221D367D294CAE94008B06DE /* PageViewController.swift */,
				221D3654294CABD9008B06DE /* Assets.xcassets */,
				221D3656294CABD9008B06DE /* LaunchScreen.storyboard */,
				221D3659294CABD9008B06DE /* Info.plist */,
			);
			path = "lesson 8";
			sourceTree = "<group>";
		};
		221D3661294CABDA008B06DE /* lesson 8Tests */ = {
			isa = PBXGroup;
			children = (
				221D3662294CABDA008B06DE /* lesson_8Tests.swift */,
			);
			path = "lesson 8Tests";
			sourceTree = "<group>";
		};
		221D366B294CABDA008B06DE /* lesson 8UITests */ = {
			isa = PBXGroup;
			children = (
				221D366C294CABDA008B06DE /* lesson_8UITests.swift */,
				221D366E294CABDA008B06DE /* lesson_8UITestsLaunchTests.swift */,
			);
			path = "lesson 8UITests";
			sourceTree = "<group>";
		};
/* End PBXGroup section */

/* Begin PBXNativeTarget section */
		221D3647294CABD7008B06DE /* lesson 8 */ = {
			isa = PBXNativeTarget;
			buildConfigurationList = 221D3672294CABDA008B06DE /* Build configuration list for PBXNativeTarget "lesson 8" */;
			buildPhases = (
				221D3644294CABD7008B06DE /* Sources */,
				221D3645294CABD7008B06DE /* Frameworks */,
				221D3646294CABD7008B06DE /* Resources */,
			);
			buildRules = (
			);
			dependencies = (
			);
			name = "lesson 8";
			productName = "lesson 8";
			productReference = 221D3648294CABD7008B06DE /* lesson 8.app */;
			productType = "com.apple.product-type.application";
		};
		221D365D294CABDA008B06DE /* lesson 8Tests */ = {
			isa = PBXNativeTarget;
			buildConfigurationList = 221D3675294CABDA008B06DE /* Build configuration list for PBXNativeTarget "lesson 8Tests" */;
			buildPhases = (
				221D365A294CABDA008B06DE /* Sources */,
				221D365B294CABDA008B06DE /* Frameworks */,
				221D365C294CABDA008B06DE /* Resources */,
			);
			buildRules = (
			);
			dependencies = (
				221D3660294CABDA008B06DE /* PBXTargetDependency */,
			);
			name = "lesson 8Tests";
			productName = "lesson 8Tests";
			productReference = 221D365E294CABDA008B06DE /* lesson 8Tests.xctest */;
			productType = "com.apple.product-type.bundle.unit-test";
		};
		221D3667294CABDA008B06DE /* lesson 8UITests */ = {
			isa = PBXNativeTarget;
			buildConfigurationList = 221D3678294CABDA008B06DE /* Build configuration list for PBXNativeTarget "lesson 8UITests" */;
			buildPhases = (
				221D3664294CABDA008B06DE /* Sources */,
				221D3665294CABDA008B06DE /* Frameworks */,
				221D3666294CABDA008B06DE /* Resources */,
			);
			buildRules = (
			);
			dependencies = (
				221D366A294CABDA008B06DE /* PBXTargetDependency */,
			);
			name = "lesson 8UITests";
			productName = "lesson 8UITests";
			productReference = 221D3668294CABDA008B06DE /* lesson 8UITests.xctest */;
			productType = "com.apple.product-type.bundle.ui-testing";
		};
/* End PBXNativeTarget section */

/* Begin PBXProject section */
		221D3640294CABD7008B06DE /* Project object */ = {
			isa = PBXProject;
			attributes = {
				BuildIndependentTargetsInParallel = 1;
				LastSwiftUpdateCheck = 1320;
				LastUpgradeCheck = 1320;
				TargetAttributes = {
					221D3647294CABD7008B06DE = {
						CreatedOnToolsVersion = 13.2.1;
					};
					221D365D294CABDA008B06DE = {
						CreatedOnToolsVersion = 13.2.1;
						TestTargetID = 221D3647294CABD7008B06DE;
					};
					221D3667294CABDA008B06DE = {
						CreatedOnToolsVersion = 13.2.1;
						TestTargetID = 221D3647294CABD7008B06DE;
					};
				};
			};
			buildConfigurationList = 221D3643294CABD7008B06DE /* Build configuration list for PBXProject "lesson 8" */;
			compatibilityVersion = "Xcode 13.0";
			developmentRegion = en;
			hasScannedForEncodings = 0;
			knownRegions = (
				en,
				Base,
			);
			mainGroup = 221D363F294CABD7008B06DE;
			productRefGroup = 221D3649294CABD7008B06DE /* Products */;
			projectDirPath = "";
			projectRoot = "";
			targets = (
				221D3647294CABD7008B06DE /* lesson 8 */,
				221D365D294CABDA008B06DE /* lesson 8Tests */,
				221D3667294CABDA008B06DE /* lesson 8UITests */,
			);
		};
/* End PBXProject section */

/* Begin PBXResourcesBuildPhase section */
		221D3646294CABD7008B06DE /* Resources */ = {
			isa = PBXResourcesBuildPhase;
			buildActionMask = 2147483647;
			files = (
				221D3658294CABD9008B06DE /* LaunchScreen.storyboard in Resources */,
				221D3655294CABD9008B06DE /* Assets.xcassets in Resources */,
				221D3653294CABD7008B06DE /* Main.storyboard in Resources */,
			);
			runOnlyForDeploymentPostprocessing = 0;
		};
		221D365C294CABDA008B06DE /* Resources */ = {
			isa = PBXResourcesBuildPhase;
			buildActionMask = 2147483647;
			files = (
			);
			runOnlyForDeploymentPostprocessing = 0;
		};
		221D3666294CABDA008B06DE /* Resources */ = {
			isa = PBXResourcesBuildPhase;
			buildActionMask = 2147483647;
			files = (
			);
			runOnlyForDeploymentPostprocessing = 0;
		};
/* End PBXResourcesBuildPhase section */

/* Begin PBXSourcesBuildPhase section */
		221D3644294CABD7008B06DE /* Sources */ = {
			isa = PBXSourcesBuildPhase;
			buildActionMask = 2147483647;
			files = (
				221D367C294CAE5F008B06DE /* ContentViewController.swift in Sources */,
				221D367E294CAE94008B06DE /* PageViewController.swift in Sources */,
				221D3650294CABD7008B06DE /* ViewController.swift in Sources */,
				221D364C294CABD7008B06DE /* AppDelegate.swift in Sources */,
				221D364E294CABD7008B06DE /* SceneDelegate.swift in Sources */,
			);
			runOnlyForDeploymentPostprocessing = 0;
		};
		221D365A294CABDA008B06DE /* Sources */ = {
			isa = PBXSourcesBuildPhase;
			buildActionMask = 2147483647;
			files = (
				221D3663294CABDA008B06DE /* lesson_8Tests.swift in Sources */,
			);
			runOnlyForDeploymentPostprocessing = 0;
		};
		221D3664294CABDA008B06DE /* Sources */ = {
			isa = PBXSourcesBuildPhase;
			buildActionMask = 2147483647;
			files = (
				221D366F294CABDA008B06DE /* lesson_8UITestsLaunchTests.swift in Sources */,
				221D366D294CABDA008B06DE /* lesson_8UITests.swift in Sources */,
			);
			runOnlyForDeploymentPostprocessing = 0;
		};
/* End PBXSourcesBuildPhase section */

/* Begin PBXTargetDependency section */
		221D3660294CABDA008B06DE /* PBXTargetDependency */ = {
			isa = PBXTargetDependency;
			target = 221D3647294CABD7008B06DE /* lesson 8 */;
			targetProxy = 221D365F294CABDA008B06DE /* PBXContainerItemProxy */;
		};
		221D366A294CABDA008B06DE /* PBXTargetDependency */ = {
			isa = PBXTargetDependency;
			target = 221D3647294CABD7008B06DE /* lesson 8 */;
			targetProxy = 221D3669294CABDA008B06DE /* PBXContainerItemProxy */;
		};
/* End PBXTargetDependency section */

/* Begin PBXVariantGroup section */
		221D3651294CABD7008B06DE /* Main.storyboard */ = {
			isa = PBXVariantGroup;
			children = (
				221D3652294CABD7008B06DE /* Base */,
			);
			name = Main.storyboard;
			sourceTree = "<group>";
		};
		221D3656294CABD9008B06DE /* LaunchScreen.storyboard */ = {
			isa = PBXVariantGroup;
			children = (
				221D3657294CABD9008B06DE /* Base */,
			);
			name = LaunchScreen.storyboard;
			sourceTree = "<group>";
		};
/* End PBXVariantGroup section */

/* Begin XCBuildConfiguration section */
		221D3670294CABDA008B06DE /* Debug */ = {
			isa = XCBuildConfiguration;
			buildSettings = {
				ALWAYS_SEARCH_USER_PATHS = NO;
				CLANG_ANALYZER_NONNULL = YES;
				CLANG_ANALYZER_NUMBER_OBJECT_CONVERSION = YES_AGGRESSIVE;
				CLANG_CXX_LANGUAGE_STANDARD = "gnu++17";
				CLANG_CXX_LIBRARY = "libc++";
				CLANG_ENABLE_MODULES = YES;
				CLANG_ENABLE_OBJC_ARC = YES;
				CLANG_ENABLE_OBJC_WEAK = YES;
				CLANG_WARN_BLOCK_CAPTURE_AUTORELEASING = YES;
				CLANG_WARN_BOOL_CONVERSION = YES;
				CLANG_WARN_COMMA = YES;
				CLANG_WARN_CONSTANT_CONVERSION = YES;
				CLANG_WARN_DEPRECATED_OBJC_IMPLEMENTATIONS = YES;
				CLANG_WARN_DIRECT_OBJC_ISA_USAGE = YES_ERROR;
				CLANG_WARN_DOCUMENTATION_COMMENTS = YES;
				CLANG_WARN_EMPTY_BODY = YES;
				CLANG_WARN_ENUM_CONVERSION = YES;
				CLANG_WARN_INFINITE_RECURSION = YES;
				CLANG_WARN_INT_CONVERSION = YES;
				CLANG_WARN_NON_LITERAL_NULL_CONVERSION = YES;
				CLANG_WARN_OBJC_IMPLICIT_RETAIN_SELF = YES;
				CLANG_WARN_OBJC_LITERAL_CONVERSION = YES;
				CLANG_WARN_OBJC_ROOT_CLASS = YES_ERROR;
				CLANG_WARN_QUOTED_INCLUDE_IN_FRAMEWORK_HEADER = YES;
				CLANG_WARN_RANGE_LOOP_ANALYSIS = YES;
				CLANG_WARN_STRICT_PROTOTYPES = YES;
				CLANG_WARN_SUSPICIOUS_MOVE = YES;
				CLANG_WARN_UNGUARDED_AVAILABILITY = YES_AGGRESSIVE;
				CLANG_WARN_UNREACHABLE_CODE = YES;
				CLANG_WARN__DUPLICATE_METHOD_MATCH = YES;
				COPY_PHASE_STRIP = NO;
				DEBUG_INFORMATION_FORMAT = dwarf;
				ENABLE_STRICT_OBJC_MSGSEND = YES;
				ENABLE_TESTABILITY = YES;
				GCC_C_LANGUAGE_STANDARD = gnu11;
				GCC_DYNAMIC_NO_PIC = NO;
				GCC_NO_COMMON_BLOCKS = YES;
				GCC_OPTIMIZATION_LEVEL = 0;
				GCC_PREPROCESSOR_DEFINITIONS = (
					"DEBUG=1",
					"$(inherited)",
				);
				GCC_WARN_64_TO_32_BIT_CONVERSION = YES;
				GCC_WARN_ABOUT_RETURN_TYPE = YES_ERROR;
				GCC_WARN_UNDECLARED_SELECTOR = YES;
				GCC_WARN_UNINITIALIZED_AUTOS = YES_AGGRESSIVE;
				GCC_WARN_UNUSED_FUNCTION = YES;
				GCC_WARN_UNUSED_VARIABLE = YES;
				IPHONEOS_DEPLOYMENT_TARGET = 15.2;
				MTL_ENABLE_DEBUG_INFO = INCLUDE_SOURCE;
				MTL_FAST_MATH = YES;
				ONLY_ACTIVE_ARCH = YES;
				SDKROOT = iphoneos;
				SWIFT_ACTIVE_COMPILATION_CONDITIONS = DEBUG;
				SWIFT_OPTIMIZATION_LEVEL = "-Onone";
			};
			name = Debug;
		};
		221D3671294CABDA008B06DE /* Release */ = {
			isa = XCBuildConfiguration;
			buildSettings = {
				ALWAYS_SEARCH_USER_PATHS = NO;
				CLANG_ANALYZER_NONNULL = YES;
				CLANG_ANALYZER_NUMBER_OBJECT_CONVERSION = YES_AGGRESSIVE;
				CLANG_CXX_LANGUAGE_STANDARD = "gnu++17";
				CLANG_CXX_LIBRARY = "libc++";
				CLANG_ENABLE_MODULES = YES;
				CLANG_ENABLE_OBJC_ARC = YES;
				CLANG_ENABLE_OBJC_WEAK = YES;
				CLANG_WARN_BLOCK_CAPTURE_AUTORELEASING = YES;
				CLANG_WARN_BOOL_CONVERSION = YES;
				CLANG_WARN_COMMA = YES;
				CLANG_WARN_CONSTANT_CONVERSION = YES;
				CLANG_WARN_DEPRECATED_OBJC_IMPLEMENTATIONS = YES;
				CLANG_WARN_DIRECT_OBJC_ISA_USAGE = YES_ERROR;
				CLANG_WARN_DOCUMENTATION_COMMENTS = YES;
				CLANG_WARN_EMPTY_BODY = YES;
				CLANG_WARN_ENUM_CONVERSION = YES;
				CLANG_WARN_INFINITE_RECURSION = YES;
				CLANG_WARN_INT_CONVERSION = YES;
				CLANG_WARN_NON_LITERAL_NULL_CONVERSION = YES;
				CLANG_WARN_OBJC_IMPLICIT_RETAIN_SELF = YES;
				CLANG_WARN_OBJC_LITERAL_CONVERSION = YES;
				CLANG_WARN_OBJC_ROOT_CLASS = YES_ERROR;
				CLANG_WARN_QUOTED_INCLUDE_IN_FRAMEWORK_HEADER = YES;
				CLANG_WARN_RANGE_LOOP_ANALYSIS = YES;
				CLANG_WARN_STRICT_PROTOTYPES = YES;
				CLANG_WARN_SUSPICIOUS_MOVE = YES;
				CLANG_WARN_UNGUARDED_AVAILABILITY = YES_AGGRESSIVE;
				CLANG_WARN_UNREACHABLE_CODE = YES;
				CLANG_WARN__DUPLICATE_METHOD_MATCH = YES;
				COPY_PHASE_STRIP = NO;
				DEBUG_INFORMATION_FORMAT = "dwarf-with-dsym";
				ENABLE_NS_ASSERTIONS = NO;
				ENABLE_STRICT_OBJC_MSGSEND = YES;
				GCC_C_LANGUAGE_STANDARD = gnu11;
				GCC_NO_COMMON_BLOCKS = YES;
				GCC_WARN_64_TO_32_BIT_CONVERSION = YES;
				GCC_WARN_ABOUT_RETURN_TYPE = YES_ERROR;
				GCC_WARN_UNDECLARED_SELECTOR = YES;
				GCC_WARN_UNINITIALIZED_AUTOS = YES_AGGRESSIVE;
				GCC_WARN_UNUSED_FUNCTION = YES;
				GCC_WARN_UNUSED_VARIABLE = YES;
				IPHONEOS_DEPLOYMENT_TARGET = 15.2;
				MTL_ENABLE_DEBUG_INFO = NO;
				MTL_FAST_MATH = YES;
				SDKROOT = iphoneos;
				SWIFT_COMPILATION_MODE = wholemodule;
				SWIFT_OPTIMIZATION_LEVEL = "-O";
				VALIDATE_PRODUCT = YES;
			};
			name = Release;
		};
		221D3673294CABDA008B06DE /* Debug */ = {
			isa = XCBuildConfiguration;
			buildSettings = {
				ASSETCATALOG_COMPILER_APPICON_NAME = AppIcon;
				ASSETCATALOG_COMPILER_GLOBAL_ACCENT_COLOR_NAME = AccentColor;
				CODE_SIGN_STYLE = Automatic;
				CURRENT_PROJECT_VERSION = 1;
				GENERATE_INFOPLIST_FILE = YES;
				INFOPLIST_FILE = "lesson 8/Info.plist";
				INFOPLIST_KEY_UIApplicationSupportsIndirectInputEvents = YES;
				INFOPLIST_KEY_UILaunchStoryboardName = LaunchScreen;
				INFOPLIST_KEY_UIMainStoryboardFile = Main;
				INFOPLIST_KEY_UISupportedInterfaceOrientations_iPad = "UIInterfaceOrientationPortrait UIInterfaceOrientationPortraitUpsideDown UIInterfaceOrientationLandscapeLeft UIInterfaceOrientationLandscapeRight";
				INFOPLIST_KEY_UISupportedInterfaceOrientations_iPhone = "UIInterfaceOrientationPortrait UIInterfaceOrientationLandscapeLeft UIInterfaceOrientationLandscapeRight";
				LD_RUNPATH_SEARCH_PATHS = (
					"$(inherited)",
					"@executable_path/Frameworks",
				);
				MARKETING_VERSION = 1.0;
				PRODUCT_BUNDLE_IDENTIFIER = "Lcorinna.lesson-8";
				PRODUCT_NAME = "$(TARGET_NAME)";
				SWIFT_EMIT_LOC_STRINGS = YES;
				SWIFT_VERSION = 5.0;
				TARGETED_DEVICE_FAMILY = "1,2";
			};
			name = Debug;
		};
		221D3674294CABDA008B06DE /* Release */ = {
			isa = XCBuildConfiguration;
			buildSettings = {
				ASSETCATALOG_COMPILER_APPICON_NAME = AppIcon;
				ASSETCATALOG_COMPILER_GLOBAL_ACCENT_COLOR_NAME = AccentColor;
				CODE_SIGN_STYLE = Automatic;
				CURRENT_PROJECT_VERSION = 1;
				GENERATE_INFOPLIST_FILE = YES;
				INFOPLIST_FILE = "lesson 8/Info.plist";
				INFOPLIST_KEY_UIApplicationSupportsIndirectInputEvents = YES;
				INFOPLIST_KEY_UILaunchStoryboardName = LaunchScreen;
				INFOPLIST_KEY_UIMainStoryboardFile = Main;
				INFOPLIST_KEY_UISupportedInterfaceOrientations_iPad = "UIInterfaceOrientationPortrait UIInterfaceOrientationPortraitUpsideDown UIInterfaceOrientationLandscapeLeft UIInterfaceOrientationLandscapeRight";
				INFOPLIST_KEY_UISupportedInterfaceOrientations_iPhone = "UIInterfaceOrientationPortrait UIInterfaceOrientationLandscapeLeft UIInterfaceOrientationLandscapeRight";
				LD_RUNPATH_SEARCH_PATHS = (
					"$(inherited)",
					"@executable_path/Frameworks",
				);
				MARKETING_VERSION = 1.0;
				PRODUCT_BUNDLE_IDENTIFIER = "Lcorinna.lesson-8";
				PRODUCT_NAME = "$(TARGET_NAME)";
				SWIFT_EMIT_LOC_STRINGS = YES;
				SWIFT_VERSION = 5.0;
				TARGETED_DEVICE_FAMILY = "1,2";
			};
			name = Release;
		};
		221D3676294CABDA008B06DE /* Debug */ = {
			isa = XCBuildConfiguration;
			buildSettings = {
				ALWAYS_EMBED_SWIFT_STANDARD_LIBRARIES = YES;
				BUNDLE_LOADER = "$(TEST_HOST)";
				CODE_SIGN_STYLE = Automatic;
				CURRENT_PROJECT_VERSION = 1;
				GENERATE_INFOPLIST_FILE = YES;
				IPHONEOS_DEPLOYMENT_TARGET = 15.2;
				MARKETING_VERSION = 1.0;
				PRODUCT_BUNDLE_IDENTIFIER = "Lcorinna.lesson-8Tests";
				PRODUCT_NAME = "$(TARGET_NAME)";
				SWIFT_EMIT_LOC_STRINGS = NO;
				SWIFT_VERSION = 5.0;
				TARGETED_DEVICE_FAMILY = "1,2";
				TEST_HOST = "$(BUILT_PRODUCTS_DIR)/lesson 8.app/lesson 8";
			};
			name = Debug;
		};
		221D3677294CABDA008B06DE /* Release */ = {
			isa = XCBuildConfiguration;
			buildSettings = {
				ALWAYS_EMBED_SWIFT_STANDARD_LIBRARIES = YES;
				BUNDLE_LOADER = "$(TEST_HOST)";
				CODE_SIGN_STYLE = Automatic;
				CURRENT_PROJECT_VERSION = 1;
				GENERATE_INFOPLIST_FILE = YES;
				IPHONEOS_DEPLOYMENT_TARGET = 15.2;
				MARKETING_VERSION = 1.0;
				PRODUCT_BUNDLE_IDENTIFIER = "Lcorinna.lesson-8Tests";
				PRODUCT_NAME = "$(TARGET_NAME)";
				SWIFT_EMIT_LOC_STRINGS = NO;
				SWIFT_VERSION = 5.0;
				TARGETED_DEVICE_FAMILY = "1,2";
				TEST_HOST = "$(BUILT_PRODUCTS_DIR)/lesson 8.app/lesson 8";
			};
			name = Release;
		};
		221D3679294CABDA008B06DE /* Debug */ = {
			isa = XCBuildConfiguration;
			buildSettings = {
				ALWAYS_EMBED_SWIFT_STANDARD_LIBRARIES = YES;
				CODE_SIGN_STYLE = Automatic;
				CURRENT_PROJECT_VERSION = 1;
				GENERATE_INFOPLIST_FILE = YES;
				MARKETING_VERSION = 1.0;
				PRODUCT_BUNDLE_IDENTIFIER = "Lcorinna.lesson-8UITests";
				PRODUCT_NAME = "$(TARGET_NAME)";
				SWIFT_EMIT_LOC_STRINGS = NO;
				SWIFT_VERSION = 5.0;
				TARGETED_DEVICE_FAMILY = "1,2";
				TEST_TARGET_NAME = "lesson 8";
			};
			name = Debug;
		};
		221D367A294CABDA008B06DE /* Release */ = {
			isa = XCBuildConfiguration;
			buildSettings = {
				ALWAYS_EMBED_SWIFT_STANDARD_LIBRARIES = YES;
				CODE_SIGN_STYLE = Automatic;
				CURRENT_PROJECT_VERSION = 1;
				GENERATE_INFOPLIST_FILE = YES;
				MARKETING_VERSION = 1.0;
				PRODUCT_BUNDLE_IDENTIFIER = "Lcorinna.lesson-8UITests";
				PRODUCT_NAME = "$(TARGET_NAME)";
				SWIFT_EMIT_LOC_STRINGS = NO;
				SWIFT_VERSION = 5.0;
				TARGETED_DEVICE_FAMILY = "1,2";
				TEST_TARGET_NAME = "lesson 8";
			};
			name = Release;
		};
/* End XCBuildConfiguration section */

/* Begin XCConfigurationList section */
		221D3643294CABD7008B06DE /* Build configuration list for PBXProject "lesson 8" */ = {
			isa = XCConfigurationList;
			buildConfigurations = (
				221D3670294CABDA008B06DE /* Debug */,
				221D3671294CABDA008B06DE /* Release */,
			);
			defaultConfigurationIsVisible = 0;
			defaultConfigurationName = Release;
		};
		221D3672294CABDA008B06DE /* Build configuration list for PBXNativeTarget "lesson 8" */ = {
			isa = XCConfigurationList;
			buildConfigurations = (
				221D3673294CABDA008B06DE /* Debug */,
				221D3674294CABDA008B06DE /* Release */,
			);
			defaultConfigurationIsVisible = 0;
			defaultConfigurationName = Release;
		};
		221D3675294CABDA008B06DE /* Build configuration list for PBXNativeTarget "lesson 8Tests" */ = {
			isa = XCConfigurationList;
			buildConfigurations = (
				221D3676294CABDA008B06DE /* Debug */,
				221D3677294CABDA008B06DE /* Release */,
			);
			defaultConfigurationIsVisible = 0;
			defaultConfigurationName = Release;
		};
		221D3678294CABDA008B06DE /* Build configuration list for PBXNativeTarget "lesson 8UITests" */ = {
			isa = XCConfigurationList;
			buildConfigurations = (
				221D3679294CABDA008B06DE /* Debug */,
				221D367A294CABDA008B06DE /* Release */,
			);
			defaultConfigurationIsVisible = 0;
			defaultConfigurationName = Release;
		};
/* End XCConfigurationList section */
	};
	rootObject = 221D3640294CABD7008B06DE /* Project object */;
}
