// !$*UTF8*$!
{
	archiveVersion = 1;
	classes = {
	};
	objectVersion = 55;
	objects = {

/* Begin PBXBuildFile section */
		22C86D002948BBFF00E90F11 /* AppDelegate.swift in Sources */ = {isa = PBXBuildFile; fileRef = 22C86CFF2948BBFF00E90F11 /* AppDelegate.swift */; };
		22C86D022948BBFF00E90F11 /* SceneDelegate.swift in Sources */ = {isa = PBXBuildFile; fileRef = 22C86D012948BBFF00E90F11 /* SceneDelegate.swift */; };
		22C86D042948BBFF00E90F11 /* ViewController.swift in Sources */ = {isa = PBXBuildFile; fileRef = 22C86D032948BBFF00E90F11 /* ViewController.swift */; };
		22C86D072948BBFF00E90F11 /* Main.storyboard in Resources */ = {isa = PBXBuildFile; fileRef = 22C86D052948BBFF00E90F11 /* Main.storyboard */; };
		22C86D092948BC0000E90F11 /* Assets.xcassets in Resources */ = {isa = PBXBuildFile; fileRef = 22C86D082948BC0000E90F11 /* Assets.xcassets */; };
		22C86D0C2948BC0000E90F11 /* LaunchScreen.storyboard in Resources */ = {isa = PBXBuildFile; fileRef = 22C86D0A2948BC0000E90F11 /* LaunchScreen.storyboard */; };
		22C86D172948BC0000E90F11 /* lesson_4Tests.swift in Sources */ = {isa = PBXBuildFile; fileRef = 22C86D162948BC0000E90F11 /* lesson_4Tests.swift */; };
		22C86D212948BC0000E90F11 /* lesson_4UITests.swift in Sources */ = {isa = PBXBuildFile; fileRef = 22C86D202948BC0000E90F11 /* lesson_4UITests.swift */; };
		22C86D232948BC0000E90F11 /* lesson_4UITestsLaunchTests.swift in Sources */ = {isa = PBXBuildFile; fileRef = 22C86D222948BC0000E90F11 /* lesson_4UITestsLaunchTests.swift */; };
		22C86D302948BDB300E90F11 /* PreviewPage.swift in Sources */ = {isa = PBXBuildFile; fileRef = 22C86D2F2948BDB300E90F11 /* PreviewPage.swift */; };
		22C86D322948BEBD00E90F11 /* ArtCoverCell.swift in Sources */ = {isa = PBXBuildFile; fileRef = 22C86D312948BEBD00E90F11 /* ArtCoverCell.swift */; };
		22C86D342948D8BE00E90F11 /* SecondViewController.swift in Sources */ = {isa = PBXBuildFile; fileRef = 22C86D332948D8BE00E90F11 /* SecondViewController.swift */; };
/* End PBXBuildFile section */

/* Begin PBXContainerItemProxy section */
		22C86D132948BC0000E90F11 /* PBXContainerItemProxy */ = {
			isa = PBXContainerItemProxy;
			containerPortal = 22C86CF42948BBFF00E90F11 /* Project object */;
			proxyType = 1;
			remoteGlobalIDString = 22C86CFB2948BBFF00E90F11;
			remoteInfo = "lesson 4";
		};
		22C86D1D2948BC0000E90F11 /* PBXContainerItemProxy */ = {
			isa = PBXContainerItemProxy;
			containerPortal = 22C86CF42948BBFF00E90F11 /* Project object */;
			proxyType = 1;
			remoteGlobalIDString = 22C86CFB2948BBFF00E90F11;
			remoteInfo = "lesson 4";
		};
/* End PBXContainerItemProxy section */

/* Begin PBXFileReference section */
		22C86CFC2948BBFF00E90F11 /* lesson 4.app */ = {isa = PBXFileReference; explicitFileType = wrapper.application; includeInIndex = 0; path = "lesson 4.app"; sourceTree = BUILT_PRODUCTS_DIR; };
		22C86CFF2948BBFF00E90F11 /* AppDelegate.swift */ = {isa = PBXFileReference; lastKnownFileType = sourcecode.swift; path = AppDelegate.swift; sourceTree = "<group>"; };
		22C86D012948BBFF00E90F11 /* SceneDelegate.swift */ = {isa = PBXFileReference; lastKnownFileType = sourcecode.swift; path = SceneDelegate.swift; sourceTree = "<group>"; };
		22C86D032948BBFF00E90F11 /* ViewController.swift */ = {isa = PBXFileReference; lastKnownFileType = sourcecode.swift; path = ViewController.swift; sourceTree = "<group>"; };
		22C86D062948BBFF00E90F11 /* Base */ = {isa = PBXFileReference; lastKnownFileType = file.storyboard; name = Base; path = Base.lproj/Main.storyboard; sourceTree = "<group>"; };
		22C86D082948BC0000E90F11 /* Assets.xcassets */ = {isa = PBXFileReference; lastKnownFileType = folder.assetcatalog; path = Assets.xcassets; sourceTree = "<group>"; };
		22C86D0B2948BC0000E90F11 /* Base */ = {isa = PBXFileReference; lastKnownFileType = file.storyboard; name = Base; path = Base.lproj/LaunchScreen.storyboard; sourceTree = "<group>"; };
		22C86D0D2948BC0000E90F11 /* Info.plist */ = {isa = PBXFileReference; lastKnownFileType = text.plist.xml; path = Info.plist; sourceTree = "<group>"; };
		22C86D122948BC0000E90F11 /* lesson 4Tests.xctest */ = {isa = PBXFileReference; explicitFileType = wrapper.cfbundle; includeInIndex = 0; path = "lesson 4Tests.xctest"; sourceTree = BUILT_PRODUCTS_DIR; };
		22C86D162948BC0000E90F11 /* lesson_4Tests.swift */ = {isa = PBXFileReference; lastKnownFileType = sourcecode.swift; path = lesson_4Tests.swift; sourceTree = "<group>"; };
		22C86D1C2948BC0000E90F11 /* lesson 4UITests.xctest */ = {isa = PBXFileReference; explicitFileType = wrapper.cfbundle; includeInIndex = 0; path = "lesson 4UITests.xctest"; sourceTree = BUILT_PRODUCTS_DIR; };
		22C86D202948BC0000E90F11 /* lesson_4UITests.swift */ = {isa = PBXFileReference; lastKnownFileType = sourcecode.swift; path = lesson_4UITests.swift; sourceTree = "<group>"; };
		22C86D222948BC0000E90F11 /* lesson_4UITestsLaunchTests.swift */ = {isa = PBXFileReference; lastKnownFileType = sourcecode.swift; path = lesson_4UITestsLaunchTests.swift; sourceTree = "<group>"; };
		22C86D2F2948BDB300E90F11 /* PreviewPage.swift */ = {isa = PBXFileReference; lastKnownFileType = sourcecode.swift; path = PreviewPage.swift; sourceTree = "<group>"; };
		22C86D312948BEBD00E90F11 /* ArtCoverCell.swift */ = {isa = PBXFileReference; lastKnownFileType = sourcecode.swift; path = ArtCoverCell.swift; sourceTree = "<group>"; };
		22C86D332948D8BE00E90F11 /* SecondViewController.swift */ = {isa = PBXFileReference; lastKnownFileType = sourcecode.swift; path = SecondViewController.swift; sourceTree = "<group>"; };
/* End PBXFileReference section */

/* Begin PBXFrameworksBuildPhase section */
		22C86CF92948BBFF00E90F11 /* Frameworks */ = {
			isa = PBXFrameworksBuildPhase;
			buildActionMask = 2147483647;
			files = (
			);
			runOnlyForDeploymentPostprocessing = 0;
		};
		22C86D0F2948BC0000E90F11 /* Frameworks */ = {
			isa = PBXFrameworksBuildPhase;
			buildActionMask = 2147483647;
			files = (
			);
			runOnlyForDeploymentPostprocessing = 0;
		};
		22C86D192948BC0000E90F11 /* Frameworks */ = {
			isa = PBXFrameworksBuildPhase;
			buildActionMask = 2147483647;
			files = (
			);
			runOnlyForDeploymentPostprocessing = 0;
		};
/* End PBXFrameworksBuildPhase section */

/* Begin PBXGroup section */
		22C86CF32948BBFF00E90F11 = {
			isa = PBXGroup;
			children = (
				22C86CFE2948BBFF00E90F11 /* lesson 4 */,
				22C86D152948BC0000E90F11 /* lesson 4Tests */,
				22C86D1F2948BC0000E90F11 /* lesson 4UITests */,
				22C86CFD2948BBFF00E90F11 /* Products */,
			);
			sourceTree = "<group>";
		};
		22C86CFD2948BBFF00E90F11 /* Products */ = {
			isa = PBXGroup;
			children = (
				22C86CFC2948BBFF00E90F11 /* lesson 4.app */,
				22C86D122948BC0000E90F11 /* lesson 4Tests.xctest */,
				22C86D1C2948BC0000E90F11 /* lesson 4UITests.xctest */,
			);
			name = Products;
			sourceTree = "<group>";
		};
		22C86CFE2948BBFF00E90F11 /* lesson 4 */ = {
			isa = PBXGroup;
			children = (
				22C86CFF2948BBFF00E90F11 /* AppDelegate.swift */,
				22C86D012948BBFF00E90F11 /* SceneDelegate.swift */,
				22C86D2F2948BDB300E90F11 /* PreviewPage.swift */,
				22C86D032948BBFF00E90F11 /* ViewController.swift */,
				22C86D052948BBFF00E90F11 /* Main.storyboard */,
				22C86D332948D8BE00E90F11 /* SecondViewController.swift */,
				22C86D312948BEBD00E90F11 /* ArtCoverCell.swift */,
				22C86D082948BC0000E90F11 /* Assets.xcassets */,
				22C86D0A2948BC0000E90F11 /* LaunchScreen.storyboard */,
				22C86D0D2948BC0000E90F11 /* Info.plist */,
			);
			path = "lesson 4";
			sourceTree = "<group>";
		};
		22C86D152948BC0000E90F11 /* lesson 4Tests */ = {
			isa = PBXGroup;
			children = (
				22C86D162948BC0000E90F11 /* lesson_4Tests.swift */,
			);
			path = "lesson 4Tests";
			sourceTree = "<group>";
		};
		22C86D1F2948BC0000E90F11 /* lesson 4UITests */ = {
			isa = PBXGroup;
			children = (
				22C86D202948BC0000E90F11 /* lesson_4UITests.swift */,
				22C86D222948BC0000E90F11 /* lesson_4UITestsLaunchTests.swift */,
			);
			path = "lesson 4UITests";
			sourceTree = "<group>";
		};
/* End PBXGroup section */

/* Begin PBXNativeTarget section */
		22C86CFB2948BBFF00E90F11 /* lesson 4 */ = {
			isa = PBXNativeTarget;
			buildConfigurationList = 22C86D262948BC0000E90F11 /* Build configuration list for PBXNativeTarget "lesson 4" */;
			buildPhases = (
				22C86CF82948BBFF00E90F11 /* Sources */,
				22C86CF92948BBFF00E90F11 /* Frameworks */,
				22C86CFA2948BBFF00E90F11 /* Resources */,
			);
			buildRules = (
			);
			dependencies = (
			);
			name = "lesson 4";
			productName = "lesson 4";
			productReference = 22C86CFC2948BBFF00E90F11 /* lesson 4.app */;
			productType = "com.apple.product-type.application";
		};
		22C86D112948BC0000E90F11 /* lesson 4Tests */ = {
			isa = PBXNativeTarget;
			buildConfigurationList = 22C86D292948BC0000E90F11 /* Build configuration list for PBXNativeTarget "lesson 4Tests" */;
			buildPhases = (
				22C86D0E2948BC0000E90F11 /* Sources */,
				22C86D0F2948BC0000E90F11 /* Frameworks */,
				22C86D102948BC0000E90F11 /* Resources */,
			);
			buildRules = (
			);
			dependencies = (
				22C86D142948BC0000E90F11 /* PBXTargetDependency */,
			);
			name = "lesson 4Tests";
			productName = "lesson 4Tests";
			productReference = 22C86D122948BC0000E90F11 /* lesson 4Tests.xctest */;
			productType = "com.apple.product-type.bundle.unit-test";
		};
		22C86D1B2948BC0000E90F11 /* lesson 4UITests */ = {
			isa = PBXNativeTarget;
			buildConfigurationList = 22C86D2C2948BC0000E90F11 /* Build configuration list for PBXNativeTarget "lesson 4UITests" */;
			buildPhases = (
				22C86D182948BC0000E90F11 /* Sources */,
				22C86D192948BC0000E90F11 /* Frameworks */,
				22C86D1A2948BC0000E90F11 /* Resources */,
			);
			buildRules = (
			);
			dependencies = (
				22C86D1E2948BC0000E90F11 /* PBXTargetDependency */,
			);
			name = "lesson 4UITests";
			productName = "lesson 4UITests";
			productReference = 22C86D1C2948BC0000E90F11 /* lesson 4UITests.xctest */;
			productType = "com.apple.product-type.bundle.ui-testing";
		};
/* End PBXNativeTarget section */

/* Begin PBXProject section */
		22C86CF42948BBFF00E90F11 /* Project object */ = {
			isa = PBXProject;
			attributes = {
				BuildIndependentTargetsInParallel = 1;
				LastSwiftUpdateCheck = 1320;
				LastUpgradeCheck = 1320;
				TargetAttributes = {
					22C86CFB2948BBFF00E90F11 = {
						CreatedOnToolsVersion = 13.2.1;
					};
					22C86D112948BC0000E90F11 = {
						CreatedOnToolsVersion = 13.2.1;
						TestTargetID = 22C86CFB2948BBFF00E90F11;
					};
					22C86D1B2948BC0000E90F11 = {
						CreatedOnToolsVersion = 13.2.1;
						TestTargetID = 22C86CFB2948BBFF00E90F11;
					};
				};
			};
			buildConfigurationList = 22C86CF72948BBFF00E90F11 /* Build configuration list for PBXProject "lesson 4" */;
			compatibilityVersion = "Xcode 13.0";
			developmentRegion = en;
			hasScannedForEncodings = 0;
			knownRegions = (
				en,
				Base,
			);
			mainGroup = 22C86CF32948BBFF00E90F11;
			productRefGroup = 22C86CFD2948BBFF00E90F11 /* Products */;
			projectDirPath = "";
			projectRoot = "";
			targets = (
				22C86CFB2948BBFF00E90F11 /* lesson 4 */,
				22C86D112948BC0000E90F11 /* lesson 4Tests */,
				22C86D1B2948BC0000E90F11 /* lesson 4UITests */,
			);
		};
/* End PBXProject section */

/* Begin PBXResourcesBuildPhase section */
		22C86CFA2948BBFF00E90F11 /* Resources */ = {
			isa = PBXResourcesBuildPhase;
			buildActionMask = 2147483647;
			files = (
				22C86D0C2948BC0000E90F11 /* LaunchScreen.storyboard in Resources */,
				22C86D092948BC0000E90F11 /* Assets.xcassets in Resources */,
				22C86D072948BBFF00E90F11 /* Main.storyboard in Resources */,
			);
			runOnlyForDeploymentPostprocessing = 0;
		};
		22C86D102948BC0000E90F11 /* Resources */ = {
			isa = PBXResourcesBuildPhase;
			buildActionMask = 2147483647;
			files = (
			);
			runOnlyForDeploymentPostprocessing = 0;
		};
		22C86D1A2948BC0000E90F11 /* Resources */ = {
			isa = PBXResourcesBuildPhase;
			buildActionMask = 2147483647;
			files = (
			);
			runOnlyForDeploymentPostprocessing = 0;
		};
/* End PBXResourcesBuildPhase section */

/* Begin PBXSourcesBuildPhase section */
		22C86CF82948BBFF00E90F11 /* Sources */ = {
			isa = PBXSourcesBuildPhase;
			buildActionMask = 2147483647;
			files = (
				22C86D342948D8BE00E90F11 /* SecondViewController.swift in Sources */,
				22C86D322948BEBD00E90F11 /* ArtCoverCell.swift in Sources */,
				22C86D042948BBFF00E90F11 /* ViewController.swift in Sources */,
				22C86D002948BBFF00E90F11 /* AppDelegate.swift in Sources */,
				22C86D022948BBFF00E90F11 /* SceneDelegate.swift in Sources */,
				22C86D302948BDB300E90F11 /* PreviewPage.swift in Sources */,
			);
			runOnlyForDeploymentPostprocessing = 0;
		};
		22C86D0E2948BC0000E90F11 /* Sources */ = {
			isa = PBXSourcesBuildPhase;
			buildActionMask = 2147483647;
			files = (
				22C86D172948BC0000E90F11 /* lesson_4Tests.swift in Sources */,
			);
			runOnlyForDeploymentPostprocessing = 0;
		};
		22C86D182948BC0000E90F11 /* Sources */ = {
			isa = PBXSourcesBuildPhase;
			buildActionMask = 2147483647;
			files = (
				22C86D232948BC0000E90F11 /* lesson_4UITestsLaunchTests.swift in Sources */,
				22C86D212948BC0000E90F11 /* lesson_4UITests.swift in Sources */,
			);
			runOnlyForDeploymentPostprocessing = 0;
		};
/* End PBXSourcesBuildPhase section */

/* Begin PBXTargetDependency section */
		22C86D142948BC0000E90F11 /* PBXTargetDependency */ = {
			isa = PBXTargetDependency;
			target = 22C86CFB2948BBFF00E90F11 /* lesson 4 */;
			targetProxy = 22C86D132948BC0000E90F11 /* PBXContainerItemProxy */;
		};
		22C86D1E2948BC0000E90F11 /* PBXTargetDependency */ = {
			isa = PBXTargetDependency;
			target = 22C86CFB2948BBFF00E90F11 /* lesson 4 */;
			targetProxy = 22C86D1D2948BC0000E90F11 /* PBXContainerItemProxy */;
		};
/* End PBXTargetDependency section */

/* Begin PBXVariantGroup section */
		22C86D052948BBFF00E90F11 /* Main.storyboard */ = {
			isa = PBXVariantGroup;
			children = (
				22C86D062948BBFF00E90F11 /* Base */,
			);
			name = Main.storyboard;
			sourceTree = "<group>";
		};
		22C86D0A2948BC0000E90F11 /* LaunchScreen.storyboard */ = {
			isa = PBXVariantGroup;
			children = (
				22C86D0B2948BC0000E90F11 /* Base */,
			);
			name = LaunchScreen.storyboard;
			sourceTree = "<group>";
		};
/* End PBXVariantGroup section */

/* Begin XCBuildConfiguration section */
		22C86D242948BC0000E90F11 /* Debug */ = {
			isa = XCBuildConfiguration;
			buildSettings = {
				ALWAYS_SEARCH_USER_PATHS = NO;
				CLANG_ANALYZER_NONNULL = YES;
				CLANG_ANALYZER_NUMBER_OBJECT_CONVERSION = YES_AGGRESSIVE;
				CLANG_CXX_LANGUAGE_STANDARD = "gnu++17";
				CLANG_CXX_LIBRARY = "libc++";
				CLANG_ENABLE_MODULES = YES;
				CLANG_ENABLE_OBJC_ARC = YES;
				CLANG_ENABLE_OBJC_WEAK = YES;
				CLANG_WARN_BLOCK_CAPTURE_AUTORELEASING = YES;
				CLANG_WARN_BOOL_CONVERSION = YES;
				CLANG_WARN_COMMA = YES;
				CLANG_WARN_CONSTANT_CONVERSION = YES;
				CLANG_WARN_DEPRECATED_OBJC_IMPLEMENTATIONS = YES;
				CLANG_WARN_DIRECT_OBJC_ISA_USAGE = YES_ERROR;
				CLANG_WARN_DOCUMENTATION_COMMENTS = YES;
				CLANG_WARN_EMPTY_BODY = YES;
				CLANG_WARN_ENUM_CONVERSION = YES;
				CLANG_WARN_INFINITE_RECURSION = YES;
				CLANG_WARN_INT_CONVERSION = YES;
				CLANG_WARN_NON_LITERAL_NULL_CONVERSION = YES;
				CLANG_WARN_OBJC_IMPLICIT_RETAIN_SELF = YES;
				CLANG_WARN_OBJC_LITERAL_CONVERSION = YES;
				CLANG_WARN_OBJC_ROOT_CLASS = YES_ERROR;
				CLANG_WARN_QUOTED_INCLUDE_IN_FRAMEWORK_HEADER = YES;
				CLANG_WARN_RANGE_LOOP_ANALYSIS = YES;
				CLANG_WARN_STRICT_PROTOTYPES = YES;
				CLANG_WARN_SUSPICIOUS_MOVE = YES;
				CLANG_WARN_UNGUARDED_AVAILABILITY = YES_AGGRESSIVE;
				CLANG_WARN_UNREACHABLE_CODE = YES;
				CLANG_WARN__DUPLICATE_METHOD_MATCH = YES;
				COPY_PHASE_STRIP = NO;
				DEBUG_INFORMATION_FORMAT = dwarf;
				ENABLE_STRICT_OBJC_MSGSEND = YES;
				ENABLE_TESTABILITY = YES;
				GCC_C_LANGUAGE_STANDARD = gnu11;
				GCC_DYNAMIC_NO_PIC = NO;
				GCC_NO_COMMON_BLOCKS = YES;
				GCC_OPTIMIZATION_LEVEL = 0;
				GCC_PREPROCESSOR_DEFINITIONS = (
					"DEBUG=1",
					"$(inherited)",
				);
				GCC_WARN_64_TO_32_BIT_CONVERSION = YES;
				GCC_WARN_ABOUT_RETURN_TYPE = YES_ERROR;
				GCC_WARN_UNDECLARED_SELECTOR = YES;
				GCC_WARN_UNINITIALIZED_AUTOS = YES_AGGRESSIVE;
				GCC_WARN_UNUSED_FUNCTION = YES;
				GCC_WARN_UNUSED_VARIABLE = YES;
				IPHONEOS_DEPLOYMENT_TARGET = 15.2;
				MTL_ENABLE_DEBUG_INFO = INCLUDE_SOURCE;
				MTL_FAST_MATH = YES;
				ONLY_ACTIVE_ARCH = YES;
				SDKROOT = iphoneos;
				SWIFT_ACTIVE_COMPILATION_CONDITIONS = DEBUG;
				SWIFT_OPTIMIZATION_LEVEL = "-Onone";
			};
			name = Debug;
		};
		22C86D252948BC0000E90F11 /* Release */ = {
			isa = XCBuildConfiguration;
			buildSettings = {
				ALWAYS_SEARCH_USER_PATHS = NO;
				CLANG_ANALYZER_NONNULL = YES;
				CLANG_ANALYZER_NUMBER_OBJECT_CONVERSION = YES_AGGRESSIVE;
				CLANG_CXX_LANGUAGE_STANDARD = "gnu++17";
				CLANG_CXX_LIBRARY = "libc++";
				CLANG_ENABLE_MODULES = YES;
				CLANG_ENABLE_OBJC_ARC = YES;
				CLANG_ENABLE_OBJC_WEAK = YES;
				CLANG_WARN_BLOCK_CAPTURE_AUTORELEASING = YES;
				CLANG_WARN_BOOL_CONVERSION = YES;
				CLANG_WARN_COMMA = YES;
				CLANG_WARN_CONSTANT_CONVERSION = YES;
				CLANG_WARN_DEPRECATED_OBJC_IMPLEMENTATIONS = YES;
				CLANG_WARN_DIRECT_OBJC_ISA_USAGE = YES_ERROR;
				CLANG_WARN_DOCUMENTATION_COMMENTS = YES;
				CLANG_WARN_EMPTY_BODY = YES;
				CLANG_WARN_ENUM_CONVERSION = YES;
				CLANG_WARN_INFINITE_RECURSION = YES;
				CLANG_WARN_INT_CONVERSION = YES;
				CLANG_WARN_NON_LITERAL_NULL_CONVERSION = YES;
				CLANG_WARN_OBJC_IMPLICIT_RETAIN_SELF = YES;
				CLANG_WARN_OBJC_LITERAL_CONVERSION = YES;
				CLANG_WARN_OBJC_ROOT_CLASS = YES_ERROR;
				CLANG_WARN_QUOTED_INCLUDE_IN_FRAMEWORK_HEADER = YES;
				CLANG_WARN_RANGE_LOOP_ANALYSIS = YES;
				CLANG_WARN_STRICT_PROTOTYPES = YES;
				CLANG_WARN_SUSPICIOUS_MOVE = YES;
				CLANG_WARN_UNGUARDED_AVAILABILITY = YES_AGGRESSIVE;
				CLANG_WARN_UNREACHABLE_CODE = YES;
				CLANG_WARN__DUPLICATE_METHOD_MATCH = YES;
				COPY_PHASE_STRIP = NO;
				DEBUG_INFORMATION_FORMAT = "dwarf-with-dsym";
				ENABLE_NS_ASSERTIONS = NO;
				ENABLE_STRICT_OBJC_MSGSEND = YES;
				GCC_C_LANGUAGE_STANDARD = gnu11;
				GCC_NO_COMMON_BLOCKS = YES;
				GCC_WARN_64_TO_32_BIT_CONVERSION = YES;
				GCC_WARN_ABOUT_RETURN_TYPE = YES_ERROR;
				GCC_WARN_UNDECLARED_SELECTOR = YES;
				GCC_WARN_UNINITIALIZED_AUTOS = YES_AGGRESSIVE;
				GCC_WARN_UNUSED_FUNCTION = YES;
				GCC_WARN_UNUSED_VARIABLE = YES;
				IPHONEOS_DEPLOYMENT_TARGET = 15.2;
				MTL_ENABLE_DEBUG_INFO = NO;
				MTL_FAST_MATH = YES;
				SDKROOT = iphoneos;
				SWIFT_COMPILATION_MODE = wholemodule;
				SWIFT_OPTIMIZATION_LEVEL = "-O";
				VALIDATE_PRODUCT = YES;
			};
			name = Release;
		};
		22C86D272948BC0000E90F11 /* Debug */ = {
			isa = XCBuildConfiguration;
			buildSettings = {
				ASSETCATALOG_COMPILER_APPICON_NAME = AppIcon;
				ASSETCATALOG_COMPILER_GLOBAL_ACCENT_COLOR_NAME = AccentColor;
				CODE_SIGN_STYLE = Automatic;
				CURRENT_PROJECT_VERSION = 1;
				GENERATE_INFOPLIST_FILE = YES;
				INFOPLIST_FILE = "lesson 4/Info.plist";
				INFOPLIST_KEY_UIApplicationSupportsIndirectInputEvents = YES;
				INFOPLIST_KEY_UILaunchStoryboardName = LaunchScreen;
				INFOPLIST_KEY_UIMainStoryboardFile = Main;
				INFOPLIST_KEY_UISupportedInterfaceOrientations_iPad = "UIInterfaceOrientationPortrait UIInterfaceOrientationPortraitUpsideDown UIInterfaceOrientationLandscapeLeft UIInterfaceOrientationLandscapeRight";
				INFOPLIST_KEY_UISupportedInterfaceOrientations_iPhone = "UIInterfaceOrientationPortrait UIInterfaceOrientationLandscapeLeft UIInterfaceOrientationLandscapeRight";
				LD_RUNPATH_SEARCH_PATHS = (
					"$(inherited)",
					"@executable_path/Frameworks",
				);
				MARKETING_VERSION = 1.0;
				PRODUCT_BUNDLE_IDENTIFIER = "Lcorinna.lesson-4";
				PRODUCT_NAME = "$(TARGET_NAME)";
				SWIFT_EMIT_LOC_STRINGS = YES;
				SWIFT_VERSION = 5.0;
				TARGETED_DEVICE_FAMILY = "1,2";
			};
			name = Debug;
		};
		22C86D282948BC0000E90F11 /* Release */ = {
			isa = XCBuildConfiguration;
			buildSettings = {
				ASSETCATALOG_COMPILER_APPICON_NAME = AppIcon;
				ASSETCATALOG_COMPILER_GLOBAL_ACCENT_COLOR_NAME = AccentColor;
				CODE_SIGN_STYLE = Automatic;
				CURRENT_PROJECT_VERSION = 1;
				GENERATE_INFOPLIST_FILE = YES;
				INFOPLIST_FILE = "lesson 4/Info.plist";
				INFOPLIST_KEY_UIApplicationSupportsIndirectInputEvents = YES;
				INFOPLIST_KEY_UILaunchStoryboardName = LaunchScreen;
				INFOPLIST_KEY_UIMainStoryboardFile = Main;
				INFOPLIST_KEY_UISupportedInterfaceOrientations_iPad = "UIInterfaceOrientationPortrait UIInterfaceOrientationPortraitUpsideDown UIInterfaceOrientationLandscapeLeft UIInterfaceOrientationLandscapeRight";
				INFOPLIST_KEY_UISupportedInterfaceOrientations_iPhone = "UIInterfaceOrientationPortrait UIInterfaceOrientationLandscapeLeft UIInterfaceOrientationLandscapeRight";
				LD_RUNPATH_SEARCH_PATHS = (
					"$(inherited)",
					"@executable_path/Frameworks",
				);
				MARKETING_VERSION = 1.0;
				PRODUCT_BUNDLE_IDENTIFIER = "Lcorinna.lesson-4";
				PRODUCT_NAME = "$(TARGET_NAME)";
				SWIFT_EMIT_LOC_STRINGS = YES;
				SWIFT_VERSION = 5.0;
				TARGETED_DEVICE_FAMILY = "1,2";
			};
			name = Release;
		};
		22C86D2A2948BC0000E90F11 /* Debug */ = {
			isa = XCBuildConfiguration;
			buildSettings = {
				ALWAYS_EMBED_SWIFT_STANDARD_LIBRARIES = YES;
				BUNDLE_LOADER = "$(TEST_HOST)";
				CODE_SIGN_STYLE = Automatic;
				CURRENT_PROJECT_VERSION = 1;
				GENERATE_INFOPLIST_FILE = YES;
				IPHONEOS_DEPLOYMENT_TARGET = 15.2;
				MARKETING_VERSION = 1.0;
				PRODUCT_BUNDLE_IDENTIFIER = "Lcorinna.lesson-4Tests";
				PRODUCT_NAME = "$(TARGET_NAME)";
				SWIFT_EMIT_LOC_STRINGS = NO;
				SWIFT_VERSION = 5.0;
				TARGETED_DEVICE_FAMILY = "1,2";
				TEST_HOST = "$(BUILT_PRODUCTS_DIR)/lesson 4.app/lesson 4";
			};
			name = Debug;
		};
		22C86D2B2948BC0000E90F11 /* Release */ = {
			isa = XCBuildConfiguration;
			buildSettings = {
				ALWAYS_EMBED_SWIFT_STANDARD_LIBRARIES = YES;
				BUNDLE_LOADER = "$(TEST_HOST)";
				CODE_SIGN_STYLE = Automatic;
				CURRENT_PROJECT_VERSION = 1;
				GENERATE_INFOPLIST_FILE = YES;
				IPHONEOS_DEPLOYMENT_TARGET = 15.2;
				MARKETING_VERSION = 1.0;
				PRODUCT_BUNDLE_IDENTIFIER = "Lcorinna.lesson-4Tests";
				PRODUCT_NAME = "$(TARGET_NAME)";
				SWIFT_EMIT_LOC_STRINGS = NO;
				SWIFT_VERSION = 5.0;
				TARGETED_DEVICE_FAMILY = "1,2";
				TEST_HOST = "$(BUILT_PRODUCTS_DIR)/lesson 4.app/lesson 4";
			};
			name = Release;
		};
		22C86D2D2948BC0000E90F11 /* Debug */ = {
			isa = XCBuildConfiguration;
			buildSettings = {
				ALWAYS_EMBED_SWIFT_STANDARD_LIBRARIES = YES;
				CODE_SIGN_STYLE = Automatic;
				CURRENT_PROJECT_VERSION = 1;
				GENERATE_INFOPLIST_FILE = YES;
				MARKETING_VERSION = 1.0;
				PRODUCT_BUNDLE_IDENTIFIER = "Lcorinna.lesson-4UITests";
				PRODUCT_NAME = "$(TARGET_NAME)";
				SWIFT_EMIT_LOC_STRINGS = NO;
				SWIFT_VERSION = 5.0;
				TARGETED_DEVICE_FAMILY = "1,2";
				TEST_TARGET_NAME = "lesson 4";
			};
			name = Debug;
		};
		22C86D2E2948BC0000E90F11 /* Release */ = {
			isa = XCBuildConfiguration;
			buildSettings = {
				ALWAYS_EMBED_SWIFT_STANDARD_LIBRARIES = YES;
				CODE_SIGN_STYLE = Automatic;
				CURRENT_PROJECT_VERSION = 1;
				GENERATE_INFOPLIST_FILE = YES;
				MARKETING_VERSION = 1.0;
				PRODUCT_BUNDLE_IDENTIFIER = "Lcorinna.lesson-4UITests";
				PRODUCT_NAME = "$(TARGET_NAME)";
				SWIFT_EMIT_LOC_STRINGS = NO;
				SWIFT_VERSION = 5.0;
				TARGETED_DEVICE_FAMILY = "1,2";
				TEST_TARGET_NAME = "lesson 4";
			};
			name = Release;
		};
/* End XCBuildConfiguration section */

/* Begin XCConfigurationList section */
		22C86CF72948BBFF00E90F11 /* Build configuration list for PBXProject "lesson 4" */ = {
			isa = XCConfigurationList;
			buildConfigurations = (
				22C86D242948BC0000E90F11 /* Debug */,
				22C86D252948BC0000E90F11 /* Release */,
			);
			defaultConfigurationIsVisible = 0;
			defaultConfigurationName = Release;
		};
		22C86D262948BC0000E90F11 /* Build configuration list for PBXNativeTarget "lesson 4" */ = {
			isa = XCConfigurationList;
			buildConfigurations = (
				22C86D272948BC0000E90F11 /* Debug */,
				22C86D282948BC0000E90F11 /* Release */,
			);
			defaultConfigurationIsVisible = 0;
			defaultConfigurationName = Release;
		};
		22C86D292948BC0000E90F11 /* Build configuration list for PBXNativeTarget "lesson 4Tests" */ = {
			isa = XCConfigurationList;
			buildConfigurations = (
				22C86D2A2948BC0000E90F11 /* Debug */,
				22C86D2B2948BC0000E90F11 /* Release */,
			);
			defaultConfigurationIsVisible = 0;
			defaultConfigurationName = Release;
		};
		22C86D2C2948BC0000E90F11 /* Build configuration list for PBXNativeTarget "lesson 4UITests" */ = {
			isa = XCConfigurationList;
			buildConfigurations = (
				22C86D2D2948BC0000E90F11 /* Debug */,
				22C86D2E2948BC0000E90F11 /* Release */,
			);
			defaultConfigurationIsVisible = 0;
			defaultConfigurationName = Release;
		};
/* End XCConfigurationList section */
	};
	rootObject = 22C86CF42948BBFF00E90F11 /* Project object */;
}
